// !$*UTF8*$!
{
	archiveVersion = 1;
	classes = {
	};
	objectVersion = 46;
	objects = {

/* Begin PBXBuildFile section */
		EFC867EA1E83852700ADA2E8 /* main.m in Sources */ = {isa = PBXBuildFile; fileRef = EFC867E91E83852700ADA2E8 /* main.m */; };
		EFC867ED1E83852700ADA2E8 /* AppDelegate.m in Sources */ = {isa = PBXBuildFile; fileRef = EFC867EC1E83852700ADA2E8 /* AppDelegate.m */; };
		EFC867F01E83852700ADA2E8 /* ViewController.m in Sources */ = {isa = PBXBuildFile; fileRef = EFC867EF1E83852700ADA2E8 /* ViewController.m */; };
		EFC867F31E83852700ADA2E8 /* Main.storyboard in Resources */ = {isa = PBXBuildFile; fileRef = EFC867F11E83852700ADA2E8 /* Main.storyboard */; };
		EFC867F51E83852700ADA2E8 /* Assets.xcassets in Resources */ = {isa = PBXBuildFile; fileRef = EFC867F41E83852700ADA2E8 /* Assets.xcassets */; };
		EFC867F81E83852700ADA2E8 /* LaunchScreen.storyboard in Resources */ = {isa = PBXBuildFile; fileRef = EFC867F61E83852700ADA2E8 /* LaunchScreen.storyboard */; };
		EFC868011E83853900ADA2E8 /* Person.m in Sources */ = {isa = PBXBuildFile; fileRef = EFC868001E83853900ADA2E8 /* Person.m */; };
		EFC868041E838AB300ADA2E8 /* UIImage+Image.m in Sources */ = {isa = PBXBuildFile; fileRef = EFC868031E838AB300ADA2E8 /* UIImage+Image.m */; };
/* End PBXBuildFile section */

/* Begin PBXFileReference section */
		EFC867E51E83852700ADA2E8 /* runtime.app */ = {isa = PBXFileReference; explicitFileType = wrapper.application; includeInIndex = 0; path = runtime.app; sourceTree = BUILT_PRODUCTS_DIR; };
		EFC867E91E83852700ADA2E8 /* main.m */ = {isa = PBXFileReference; lastKnownFileType = sourcecode.c.objc; path = main.m; sourceTree = "<group>"; };
		EFC867EB1E83852700ADA2E8 /* AppDelegate.h */ = {isa = PBXFileReference; lastKnownFileType = sourcecode.c.h; path = AppDelegate.h; sourceTree = "<group>"; };
		EFC867EC1E83852700ADA2E8 /* AppDelegate.m */ = {isa = PBXFileReference; lastKnownFileType = sourcecode.c.objc; path = AppDelegate.m; sourceTree = "<group>"; };
		EFC867EE1E83852700ADA2E8 /* ViewController.h */ = {isa = PBXFileReference; lastKnownFileType = sourcecode.c.h; path = ViewController.h; sourceTree = "<group>"; };
		EFC867EF1E83852700ADA2E8 /* ViewController.m */ = {isa = PBXFileReference; lastKnownFileType = sourcecode.c.objc; path = ViewController.m; sourceTree = "<group>"; };
		EFC867F21E83852700ADA2E8 /* Base */ = {isa = PBXFileReference; lastKnownFileType = file.storyboard; name = Base; path = Base.lproj/Main.storyboard; sourceTree = "<group>"; };
		EFC867F41E83852700ADA2E8 /* Assets.xcassets */ = {isa = PBXFileReference; lastKnownFileType = folder.assetcatalog; path = Assets.xcassets; sourceTree = "<group>"; };
		EFC867F71E83852700ADA2E8 /* Base */ = {isa = PBXFileReference; lastKnownFileType = file.storyboard; name = Base; path = Base.lproj/LaunchScreen.storyboard; sourceTree = "<group>"; };
		EFC867F91E83852700ADA2E8 /* Info.plist */ = {isa = PBXFileReference; lastKnownFileType = text.plist.xml; path = Info.plist; sourceTree = "<group>"; };
		EFC867FF1E83853900ADA2E8 /* Person.h */ = {isa = PBXFileReference; fileEncoding = 4; lastKnownFileType = sourcecode.c.h; path = Person.h; sourceTree = "<group>"; };
		EFC868001E83853900ADA2E8 /* Person.m */ = {isa = PBXFileReference; fileEncoding = 4; lastKnownFileType = sourcecode.c.objc; path = Person.m; sourceTree = "<group>"; };
		EFC868021E838AB300ADA2E8 /* UIImage+Image.h */ = {isa = PBXFileReference; fileEncoding = 4; lastKnownFileType = sourcecode.c.h; path = "UIImage+Image.h"; sourceTree = "<group>"; };
		EFC868031E838AB300ADA2E8 /* UIImage+Image.m */ = {isa = PBXFileReference; fileEncoding = 4; lastKnownFileType = sourcecode.c.objc; path = "UIImage+Image.m"; sourceTree = "<group>"; };
/* End PBXFileReference section */

/* Begin PBXFrameworksBuildPhase section */
		EFC867E21E83852700ADA2E8 /* Frameworks */ = {
			isa = PBXFrameworksBuildPhase;
			buildActionMask = 2147483647;
			files = (
			);
			runOnlyForDeploymentPostprocessing = 0;
		};
/* End PBXFrameworksBuildPhase section */

/* Begin PBXGroup section */
		EFC867DC1E83852700ADA2E8 = {
			isa = PBXGroup;
			children = (
				EFC867E71E83852700ADA2E8 /* runtime */,
				EFC867E61E83852700ADA2E8 /* Products */,
			);
			sourceTree = "<group>";
		};
		EFC867E61E83852700ADA2E8 /* Products */ = {
			isa = PBXGroup;
			children = (
				EFC867E51E83852700ADA2E8 /* runtime.app */,
			);
			name = Products;
			sourceTree = "<group>";
		};
		EFC867E71E83852700ADA2E8 /* runtime */ = {
			isa = PBXGroup;
			children = (
				EFC867EB1E83852700ADA2E8 /* AppDelegate.h */,
				EFC867EC1E83852700ADA2E8 /* AppDelegate.m */,
				EFC867EE1E83852700ADA2E8 /* ViewController.h */,
				EFC867EF1E83852700ADA2E8 /* ViewController.m */,
				EFC867F11E83852700ADA2E8 /* Main.storyboard */,
				EFC867F41E83852700ADA2E8 /* Assets.xcassets */,
				EFC867F61E83852700ADA2E8 /* LaunchScreen.storyboard */,
				EFC867F91E83852700ADA2E8 /* Info.plist */,
				EFC867E81E83852700ADA2E8 /* Supporting Files */,
				EFC867FF1E83853900ADA2E8 /* Person.h */,
				EFC868001E83853900ADA2E8 /* Person.m */,
				EFC868021E838AB300ADA2E8 /* UIImage+Image.h */,
				EFC868031E838AB300ADA2E8 /* UIImage+Image.m */,
			);
			path = runtime;
			sourceTree = "<group>";
		};
		EFC867E81E83852700ADA2E8 /* Supporting Files */ = {
			isa = PBXGroup;
			children = (
				EFC867E91E83852700ADA2E8 /* main.m */,
			);
			name = "Supporting Files";
			sourceTree = "<group>";
		};
/* End PBXGroup section */

/* Begin PBXNativeTarget section */
		EFC867E41E83852700ADA2E8 /* runtime */ = {
			isa = PBXNativeTarget;
			buildConfigurationList = EFC867FC1E83852700ADA2E8 /* Build configuration list for PBXNativeTarget "runtime" */;
			buildPhases = (
				EFC867E11E83852700ADA2E8 /* Sources */,
				EFC867E21E83852700ADA2E8 /* Frameworks */,
				EFC867E31E83852700ADA2E8 /* Resources */,
			);
			buildRules = (
			);
			dependencies = (
			);
			name = runtime;
			productName = runtime;
			productReference = EFC867E51E83852700ADA2E8 /* runtime.app */;
			productType = "com.apple.product-type.application";
		};
/* End PBXNativeTarget section */

/* Begin PBXProject section */
		EFC867DD1E83852700ADA2E8 /* Project object */ = {
			isa = PBXProject;
			attributes = {
				LastUpgradeCheck = 0820;
				ORGANIZATIONNAME = "侯森魁";
				TargetAttributes = {
					EFC867E41E83852700ADA2E8 = {
						CreatedOnToolsVersion = 8.2;
						ProvisioningStyle = Automatic;
					};
				};
			};
			buildConfigurationList = EFC867E01E83852700ADA2E8 /* Build configuration list for PBXProject "runtime" */;
			compatibilityVersion = "Xcode 3.2";
			developmentRegion = English;
			hasScannedForEncodings = 0;
			knownRegions = (
				en,
				Base,
			);
			mainGroup = EFC867DC1E83852700ADA2E8;
			productRefGroup = EFC867E61E83852700ADA2E8 /* Products */;
			projectDirPath = "";
			projectRoot = "";
			targets = (
				EFC867E41E83852700ADA2E8 /* runtime */,
			);
		};
/* End PBXProject section */

/* Begin PBXResourcesBuildPhase section */
		EFC867E31E83852700ADA2E8 /* Resources */ = {
			isa = PBXResourcesBuildPhase;
			buildActionMask = 2147483647;
			files = (
				EFC867F81E83852700ADA2E8 /* LaunchScreen.storyboard in Resources */,
				EFC867F51E83852700ADA2E8 /* Assets.xcassets in Resources */,
				EFC867F31E83852700ADA2E8 /* Main.storyboard in Resources */,
			);
			runOnlyForDeploymentPostprocessing = 0;
		};
/* End PBXResourcesBuildPhase section */

/* Begin PBXSourcesBuildPhase section */
		EFC867E11E83852700ADA2E8 /* Sources */ = {
			isa = PBXSourcesBuildPhase;
			buildActionMask = 2147483647;
			files = (
				EFC867F01E83852700ADA2E8 /* ViewController.m in Sources */,
				EFC868041E838AB300ADA2E8 /* UIImage+Image.m in Sources */,
				EFC867ED1E83852700ADA2E8 /* AppDelegate.m in Sources */,
				EFC868011E83853900ADA2E8 /* Person.m in Sources */,
				EFC867EA1E83852700ADA2E8 /* main.m in Sources */,
			);
			runOnlyForDeploymentPostprocessing = 0;
		};
/* End PBXSourcesBuildPhase section */

/* Begin PBXVariantGroup section */
		EFC867F11E83852700ADA2E8 /* Main.storyboard */ = {
			isa = PBXVariantGroup;
			children = (
				EFC867F21E83852700ADA2E8 /* Base */,
			);
			name = Main.storyboard;
			sourceTree = "<group>";
		};
		EFC867F61E83852700ADA2E8 /* LaunchScreen.storyboard */ = {
			isa = PBXVariantGroup;
			children = (
				EFC867F71E83852700ADA2E8 /* Base */,
			);
			name = LaunchScreen.storyboard;
			sourceTree = "<group>";
		};
/* End PBXVariantGroup section */

/* Begin XCBuildConfiguration section */
		EFC867FA1E83852700ADA2E8 /* Debug */ = {
			isa = XCBuildConfiguration;
			buildSettings = {
				ALWAYS_SEARCH_USER_PATHS = NO;
				CLANG_ANALYZER_NONNULL = YES;
				CLANG_CXX_LANGUAGE_STANDARD = "gnu++0x";
				CLANG_CXX_LIBRARY = "libc++";
				CLANG_ENABLE_MODULES = YES;
				CLANG_ENABLE_OBJC_ARC = YES;
				CLANG_WARN_BOOL_CONVERSION = YES;
				CLANG_WARN_CONSTANT_CONVERSION = YES;
				CLANG_WARN_DIRECT_OBJC_ISA_USAGE = YES_ERROR;
				CLANG_WARN_DOCUMENTATION_COMMENTS = YES;
				CLANG_WARN_EMPTY_BODY = YES;
				CLANG_WARN_ENUM_CONVERSION = YES;
				CLANG_WARN_INFINITE_RECURSION = YES;
				CLANG_WARN_INT_CONVERSION = YES;
				CLANG_WARN_OBJC_ROOT_CLASS = YES_ERROR;
				CLANG_WARN_SUSPICIOUS_MOVE = YES;
				CLANG_WARN_UNREACHABLE_CODE = YES;
				CLANG_WARN__DUPLICATE_METHOD_MATCH = YES;
				"CODE_SIGN_IDENTITY[sdk=iphoneos*]" = "iPhone Developer";
				COPY_PHASE_STRIP = NO;
				DEBUG_INFORMATION_FORMAT = dwarf;
				ENABLE_STRICT_OBJC_MSGSEND = YES;
				ENABLE_TESTABILITY = YES;
				GCC_C_LANGUAGE_STANDARD = gnu99;
				GCC_DYNAMIC_NO_PIC = NO;
				GCC_NO_COMMON_BLOCKS = YES;
				GCC_OPTIMIZATION_LEVEL = 0;
				GCC_PREPROCESSOR_DEFINITIONS = (
					"DEBUG=1",
					"$(inherited)",
				);
				GCC_WARN_64_TO_32_BIT_CONVERSION = YES;
				GCC_WARN_ABOUT_RETURN_TYPE = YES_ERROR;
				GCC_WARN_UNDECLARED_SELECTOR = YES;
				GCC_WARN_UNINITIALIZED_AUTOS = YES_AGGRESSIVE;
				GCC_WARN_UNUSED_FUNCTION = YES;
				GCC_WARN_UNUSED_VARIABLE = YES;
				IPHONEOS_DEPLOYMENT_TARGET = 10.2;
				MTL_ENABLE_DEBUG_INFO = YES;
				ONLY_ACTIVE_ARCH = YES;
				SDKROOT = iphoneos;
				TARGETED_DEVICE_FAMILY = "1,2";
			};
			name = Debug;
		};
		EFC867FB1E83852700ADA2E8 /* Release */ = {
			isa = XCBuildConfiguration;
			buildSettings = {
				ALWAYS_SEARCH_USER_PATHS = NO;
				CLANG_ANALYZER_NONNULL = YES;
				CLANG_CXX_LANGUAGE_STANDARD = "gnu++0x";
				CLANG_CXX_LIBRARY = "libc++";
				CLANG_ENABLE_MODULES = YES;
				CLANG_ENABLE_OBJC_ARC = YES;
				CLANG_WARN_BOOL_CONVERSION = YES;
				CLANG_WARN_CONSTANT_CONVERSION = YES;
				CLANG_WARN_DIRECT_OBJC_ISA_USAGE = YES_ERROR;
				CLANG_WARN_DOCUMENTATION_COMMENTS = YES;
				CLANG_WARN_EMPTY_BODY = YES;
				CLANG_WARN_ENUM_CONVERSION = YES;
				CLANG_WARN_INFINITE_RECURSION = YES;
				CLANG_WARN_INT_CONVERSION = YES;
				CLANG_WARN_OBJC_ROOT_CLASS = YES_ERROR;
				CLANG_WARN_SUSPICIOUS_MOVE = YES;
				CLANG_WARN_UNREACHABLE_CODE = YES;
				CLANG_WARN__DUPLICATE_METHOD_MATCH = YES;
				"CODE_SIGN_IDENTITY[sdk=iphoneos*]" = "iPhone Developer";
				COPY_PHASE_STRIP = NO;
				DEBUG_INFORMATION_FORMAT = "dwarf-with-dsym";
				ENABLE_NS_ASSERTIONS = NO;
				ENABLE_STRICT_OBJC_MSGSEND = YES;
				GCC_C_LANGUAGE_STANDARD = gnu99;
				GCC_NO_COMMON_BLOCKS = YES;
				GCC_WARN_64_TO_32_BIT_CONVERSION = YES;
				GCC_WARN_ABOUT_RETURN_TYPE = YES_ERROR;
				GCC_WARN_UNDECLARED_SELECTOR = YES;
				GCC_WARN_UNINITIALIZED_AUTOS = YES_AGGRESSIVE;
				GCC_WARN_UNUSED_FUNCTION = YES;
				GCC_WARN_UNUSED_VARIABLE = YES;
				IPHONEOS_DEPLOYMENT_TARGET = 10.2;
				MTL_ENABLE_DEBUG_INFO = NO;
				SDKROOT = iphoneos;
				TARGETED_DEVICE_FAMILY = "1,2";
				VALIDATE_PRODUCT = YES;
			};
			name = Release;
		};
		EFC867FD1E83852700ADA2E8 /* Debug */ = {
			isa = XCBuildConfiguration;
			buildSettings = {
				ASSETCATALOG_COMPILER_APPICON_NAME = AppIcon;
				ENABLE_STRICT_OBJC_MSGSEND = NO;
				INFOPLIST_FILE = runtime/Info.plist;
				LD_RUNPATH_SEARCH_PATHS = "$(inherited) @executable_path/Frameworks";
				PRODUCT_BUNDLE_IDENTIFIER = YItong.runtime;
				PRODUCT_NAME = "$(TARGET_NAME)";
			};
			name = Debug;
		};
		EFC867FE1E83852700ADA2E8 /* Release */ = {
			isa = XCBuildConfiguration;
			buildSettings = {
				ASSETCATALOG_COMPILER_APPICON_NAME = AppIcon;
				ENABLE_STRICT_OBJC_MSGSEND = NO;
				INFOPLIST_FILE = runtime/Info.plist;
				LD_RUNPATH_SEARCH_PATHS = "$(inherited) @executable_path/Frameworks";
				PRODUCT_BUNDLE_IDENTIFIER = YItong.runtime;
				PRODUCT_NAME = "$(TARGET_NAME)";
			};
			name = Release;
		};
/* End XCBuildConfiguration section */

/* Begin XCConfigurationList section */
		EFC867E01E83852700ADA2E8 /* Build configuration list for PBXProject "runtime" */ = {
			isa = XCConfigurationList;
			buildConfigurations = (
				EFC867FA1E83852700ADA2E8 /* Debug */,
				EFC867FB1E83852700ADA2E8 /* Release */,
			);
			defaultConfigurationIsVisible = 0;
			defaultConfigurationName = Release;
		};
		EFC867FC1E83852700ADA2E8 /* Build configuration list for PBXNativeTarget "runtime" */ = {
			isa = XCConfigurationList;
			buildConfigurations = (
				EFC867FD1E83852700ADA2E8 /* Debug */,
				EFC867FE1E83852700ADA2E8 /* Release */,
			);
			defaultConfigurationIsVisible = 0;
		};
/* End XCConfigurationList section */
	};
	rootObject = EFC867DD1E83852700ADA2E8 /* Project object */;
}
